// !$*UTF8*$!
{
	archiveVersion = 1;
	classes = {
	};
	objectVersion = 46;
	objects = {

/* Begin PBXBuildFile section */
		095202041AA9DD7D00A12CBC /* CustomLine.m in Sources */ = {isa = PBXBuildFile; fileRef = 095202021AA9DD7D00A12CBC /* CustomLine.m */; };
		095202051AA9DD7D00A12CBC /* SearchVC.m in Sources */ = {isa = PBXBuildFile; fileRef = 095202031AA9DD7D00A12CBC /* SearchVC.m */; };
		0952020D1AA9DDFD00A12CBC /* ListVC.m in Sources */ = {isa = PBXBuildFile; fileRef = 095202081AA9DDFD00A12CBC /* ListVC.m */; };
		0952020E1AA9DDFD00A12CBC /* YHcell.m in Sources */ = {isa = PBXBuildFile; fileRef = 0952020A1AA9DDFD00A12CBC /* YHcell.m */; };
		0952020F1AA9DDFD00A12CBC /* AllTableView.m in Sources */ = {isa = PBXBuildFile; fileRef = 0952020C1AA9DDFD00A12CBC /* AllTableView.m */; };
		095202281AA9DF1C00A12CBC /* 1@2x.png in Resources */ = {isa = PBXBuildFile; fileRef = 095202111AA9DF1C00A12CBC /* 1@2x.png */; };
		095202291AA9DF1C00A12CBC /* ic_search@2x.png in Resources */ = {isa = PBXBuildFile; fileRef = 095202121AA9DF1C00A12CBC /* ic_search@2x.png */; };
		0952022A1AA9DF1C00A12CBC /* ic_xq_back@2x.png in Resources */ = {isa = PBXBuildFile; fileRef = 095202131AA9DF1C00A12CBC /* ic_xq_back@2x.png */; };
		0952022B1AA9DF1C00A12CBC /* ic_red_back@2x.png in Resources */ = {isa = PBXBuildFile; fileRef = 095202141AA9DF1C00A12CBC /* ic_red_back@2x.png */; };
		0952022C1AA9DF1C00A12CBC /* 2@2x.png in Resources */ = {isa = PBXBuildFile; fileRef = 095202151AA9DF1C00A12CBC /* 2@2x.png */; };
		0952022D1AA9DF1C00A12CBC /* 3@2x.png in Resources */ = {isa = PBXBuildFile; fileRef = 095202161AA9DF1C00A12CBC /* 3@2x.png */; };
		0952022E1AA9DF1C00A12CBC /* 4@2x.png in Resources */ = {isa = PBXBuildFile; fileRef = 095202171AA9DF1C00A12CBC /* 4@2x.png */; };
		0952022F1AA9DF1C00A12CBC /* ic_no_comment@2x.png in Resources */ = {isa = PBXBuildFile; fileRef = 095202181AA9DF1C00A12CBC /* ic_no_comment@2x.png */; };
		095202301AA9DF1C00A12CBC /* ic_search_01@2x.png in Resources */ = {isa = PBXBuildFile; fileRef = 095202191AA9DF1C00A12CBC /* ic_search_01@2x.png */; };
		095202311AA9DF1C00A12CBC /* ic_search_02@2x.png in Resources */ = {isa = PBXBuildFile; fileRef = 0952021A1AA9DF1C00A12CBC /* ic_search_02@2x.png */; };
		095202321AA9DF1C00A12CBC /* ic_search_03@2x.png in Resources */ = {isa = PBXBuildFile; fileRef = 0952021B1AA9DF1C00A12CBC /* ic_search_03@2x.png */; };
		095202331AA9DF1C00A12CBC /* ic_search_04@2x.png in Resources */ = {isa = PBXBuildFile; fileRef = 0952021C1AA9DF1C00A12CBC /* ic_search_04@2x.png */; };
		095202341AA9DF1C00A12CBC /* ic_search_05@2x.png in Resources */ = {isa = PBXBuildFile; fileRef = 0952021D1AA9DF1C00A12CBC /* ic_search_05@2x.png */; };
		095202351AA9DF1C00A12CBC /* ic_search_06@2x.png in Resources */ = {isa = PBXBuildFile; fileRef = 0952021E1AA9DF1C00A12CBC /* ic_search_06@2x.png */; };
		095202361AA9DF1C00A12CBC /* ic_search_07@2x.png in Resources */ = {isa = PBXBuildFile; fileRef = 0952021F1AA9DF1C00A12CBC /* ic_search_07@2x.png */; };
		095202371AA9DF1C00A12CBC /* ic_search_08@2x.png in Resources */ = {isa = PBXBuildFile; fileRef = 095202201AA9DF1C00A12CBC /* ic_search_08@2x.png */; };
		095202381AA9DF1C00A12CBC /* ic_search_09@2x.png in Resources */ = {isa = PBXBuildFile; fileRef = 095202211AA9DF1C00A12CBC /* ic_search_09@2x.png */; };
		095202391AA9DF1C00A12CBC /* ic_search_10@2x.png in Resources */ = {isa = PBXBuildFile; fileRef = 095202221AA9DF1C00A12CBC /* ic_search_10@2x.png */; };
		0952023A1AA9DF1C00A12CBC /* ic_search_11@2x.png in Resources */ = {isa = PBXBuildFile; fileRef = 095202231AA9DF1C00A12CBC /* ic_search_11@2x.png */; };
		0952023B1AA9DF1C00A12CBC /* ic_search_12@2x.png in Resources */ = {isa = PBXBuildFile; fileRef = 095202241AA9DF1C00A12CBC /* ic_search_12@2x.png */; };
		0952023C1AA9DF1C00A12CBC /* ic_search_13@2x.png in Resources */ = {isa = PBXBuildFile; fileRef = 095202251AA9DF1C00A12CBC /* ic_search_13@2x.png */; };
		0952023D1AA9DF1C00A12CBC /* ic_search_14@2x.png in Resources */ = {isa = PBXBuildFile; fileRef = 095202261AA9DF1C00A12CBC /* ic_search_14@2x.png */; };
		0952023E1AA9DF1C00A12CBC /* ic_search_15@2x.png in Resources */ = {isa = PBXBuildFile; fileRef = 095202271AA9DF1C00A12CBC /* ic_search_15@2x.png */; };
		121D73E81AA97439008A9CBF /* preferentialArticleMallClient.m in Sources */ = {isa = PBXBuildFile; fileRef = 121D73E11AA97439008A9CBF /* preferentialArticleMallClient.m */; };
		121D73E91AA97439008A9CBF /* preferentialBaseClass.m in Sources */ = {isa = PBXBuildFile; fileRef = 121D73E31AA97439008A9CBF /* preferentialBaseClass.m */; };
		121D73EA1AA97439008A9CBF /* preferentialData.m in Sources */ = {isa = PBXBuildFile; fileRef = 121D73E51AA97439008A9CBF /* preferentialData.m */; };
		121D73EB1AA97439008A9CBF /* preferentialRows.m in Sources */ = {isa = PBXBuildFile; fileRef = 121D73E71AA97439008A9CBF /* preferentialRows.m */; };
		121D73F51AA985D7008A9CBF /* HaiTaoBaseClass.m in Sources */ = {isa = PBXBuildFile; fileRef = 121D73F01AA985D7008A9CBF /* HaiTaoBaseClass.m */; };
		121D73F61AA985D7008A9CBF /* HaiTaoData.m in Sources */ = {isa = PBXBuildFile; fileRef = 121D73F21AA985D7008A9CBF /* HaiTaoData.m */; };
		121D73F71AA985D7008A9CBF /* HaiTaoRows.m in Sources */ = {isa = PBXBuildFile; fileRef = 121D73F41AA985D7008A9CBF /* HaiTaoRows.m */; };
		121D73FD1AA9AF7E008A9CBF /* TheListViewCell.m in Sources */ = {isa = PBXBuildFile; fileRef = 121D73FC1AA9AF7E008A9CBF /* TheListViewCell.m */; };
		121D74061AA9C878008A9CBF /* InformationBaseClass.m in Sources */ = {isa = PBXBuildFile; fileRef = 121D74011AA9C878008A9CBF /* InformationBaseClass.m */; };
		121D74071AA9C878008A9CBF /* InformationData.m in Sources */ = {isa = PBXBuildFile; fileRef = 121D74031AA9C878008A9CBF /* InformationData.m */; };
		121D74081AA9C878008A9CBF /* InformationRows.m in Sources */ = {isa = PBXBuildFile; fileRef = 121D74051AA9C878008A9CBF /* InformationRows.m */; };
		121D74101AA9F26E008A9CBF /* ExperienceBaseClass.m in Sources */ = {isa = PBXBuildFile; fileRef = 121D740B1AA9F26E008A9CBF /* ExperienceBaseClass.m */; };
		121D74111AA9F26E008A9CBF /* ExperienceData.m in Sources */ = {isa = PBXBuildFile; fileRef = 121D740D1AA9F26E008A9CBF /* ExperienceData.m */; };
		121D74121AA9F26E008A9CBF /* ExperienceRows.m in Sources */ = {isa = PBXBuildFile; fileRef = 121D740F1AA9F26E008A9CBF /* ExperienceRows.m */; };
		1276842A1AA78FEE00B09810 /* ScrollBaseClass.m in Sources */ = {isa = PBXBuildFile; fileRef = 127684251AA78FEE00B09810 /* ScrollBaseClass.m */; };
		1276842B1AA78FEE00B09810 /* ScrollData.m in Sources */ = {isa = PBXBuildFile; fileRef = 127684271AA78FEE00B09810 /* ScrollData.m */; };
		1276842C1AA78FEE00B09810 /* ScrollRows.m in Sources */ = {isa = PBXBuildFile; fileRef = 127684291AA78FEE00B09810 /* ScrollRows.m */; };
		1289395D1AAAE14F00CB6220 /* 1@2x.png in Resources */ = {isa = PBXBuildFile; fileRef = 128939591AAAE14F00CB6220 /* 1@2x.png */; };
		1289395E1AAAE14F00CB6220 /* 2@2x.png in Resources */ = {isa = PBXBuildFile; fileRef = 1289395A1AAAE14F00CB6220 /* 2@2x.png */; };
		1289395F1AAAE14F00CB6220 /* 3@2x.png in Resources */ = {isa = PBXBuildFile; fileRef = 1289395B1AAAE14F00CB6220 /* 3@2x.png */; };
		128939601AAAE14F00CB6220 /* 4@2x.png in Resources */ = {isa = PBXBuildFile; fileRef = 1289395C1AAAE14F00CB6220 /* 4@2x.png */; };
		128939711AAAE15F00CB6220 /* ic_red_back@2x.png in Resources */ = {isa = PBXBuildFile; fileRef = 128939611AAAE15F00CB6220 /* ic_red_back@2x.png */; };
		128939721AAAE15F00CB6220 /* ic_search_01@2x.png in Resources */ = {isa = PBXBuildFile; fileRef = 128939621AAAE15F00CB6220 /* ic_search_01@2x.png */; };
		128939731AAAE15F00CB6220 /* ic_search_02@2x.png in Resources */ = {isa = PBXBuildFile; fileRef = 128939631AAAE15F00CB6220 /* ic_search_02@2x.png */; };
		128939741AAAE15F00CB6220 /* ic_search_03@2x.png in Resources */ = {isa = PBXBuildFile; fileRef = 128939641AAAE15F00CB6220 /* ic_search_03@2x.png */; };
		128939751AAAE15F00CB6220 /* ic_search_04@2x.png in Resources */ = {isa = PBXBuildFile; fileRef = 128939651AAAE15F00CB6220 /* ic_search_04@2x.png */; };
		128939761AAAE15F00CB6220 /* ic_search_05@2x.png in Resources */ = {isa = PBXBuildFile; fileRef = 128939661AAAE15F00CB6220 /* ic_search_05@2x.png */; };
		128939771AAAE15F00CB6220 /* ic_search_06@2x.png in Resources */ = {isa = PBXBuildFile; fileRef = 128939671AAAE15F00CB6220 /* ic_search_06@2x.png */; };
		128939781AAAE15F00CB6220 /* ic_search_07@2x.png in Resources */ = {isa = PBXBuildFile; fileRef = 128939681AAAE15F00CB6220 /* ic_search_07@2x.png */; };
		128939791AAAE15F00CB6220 /* ic_search_08@2x.png in Resources */ = {isa = PBXBuildFile; fileRef = 128939691AAAE15F00CB6220 /* ic_search_08@2x.png */; };
		1289397A1AAAE15F00CB6220 /* ic_search_09@2x.png in Resources */ = {isa = PBXBuildFile; fileRef = 1289396A1AAAE15F00CB6220 /* ic_search_09@2x.png */; };
		1289397B1AAAE15F00CB6220 /* ic_search_10@2x.png in Resources */ = {isa = PBXBuildFile; fileRef = 1289396B1AAAE15F00CB6220 /* ic_search_10@2x.png */; };
		1289397C1AAAE15F00CB6220 /* ic_search_11@2x.png in Resources */ = {isa = PBXBuildFile; fileRef = 1289396C1AAAE15F00CB6220 /* ic_search_11@2x.png */; };
		1289397D1AAAE15F00CB6220 /* ic_search_12@2x.png in Resources */ = {isa = PBXBuildFile; fileRef = 1289396D1AAAE15F00CB6220 /* ic_search_12@2x.png */; };
		1289397E1AAAE15F00CB6220 /* ic_search_13@2x.png in Resources */ = {isa = PBXBuildFile; fileRef = 1289396E1AAAE15F00CB6220 /* ic_search_13@2x.png */; };
		1289397F1AAAE15F00CB6220 /* ic_search_14@2x.png in Resources */ = {isa = PBXBuildFile; fileRef = 1289396F1AAAE15F00CB6220 /* ic_search_14@2x.png */; };
		128939801AAAE15F00CB6220 /* ic_search_15@2x.png in Resources */ = {isa = PBXBuildFile; fileRef = 128939701AAAE15F00CB6220 /* ic_search_15@2x.png */; };
		128939831AAAE16600CB6220 /* ic_search@2x.png in Resources */ = {isa = PBXBuildFile; fileRef = 128939811AAAE16600CB6220 /* ic_search@2x.png */; };
		128939841AAAE16600CB6220 /* ic_xq_back@2x.png in Resources */ = {isa = PBXBuildFile; fileRef = 128939821AAAE16600CB6220 /* ic_xq_back@2x.png */; };
		1289398C1AAAE40000CB6220 /* BaskInContentBaseClass.m in Sources */ = {isa = PBXBuildFile; fileRef = 128939871AAAE40000CB6220 /* BaskInContentBaseClass.m */; };
		1289398D1AAAE40000CB6220 /* BaskInContentData.m in Sources */ = {isa = PBXBuildFile; fileRef = 128939891AAAE40000CB6220 /* BaskInContentData.m */; };
		1289398E1AAAE40000CB6220 /* BaskInContentRows.m in Sources */ = {isa = PBXBuildFile; fileRef = 1289398B1AAAE40000CB6220 /* BaskInContentRows.m */; };
		128939911AAAE44E00CB6220 /* BaskInContentCell.m in Sources */ = {isa = PBXBuildFile; fileRef = 128939901AAAE44E00CB6220 /* BaskInContentCell.m */; };
		12A320BC1AA7449700256CC9 /* main.m in Sources */ = {isa = PBXBuildFile; fileRef = 12A320BB1AA7449700256CC9 /* main.m */; };
		12A320BF1AA7449700256CC9 /* AppDelegate.m in Sources */ = {isa = PBXBuildFile; fileRef = 12A320BE1AA7449700256CC9 /* AppDelegate.m */; };
		12A320C11AA7449700256CC9 /* Images.xcassets in Resources */ = {isa = PBXBuildFile; fileRef = 12A320C01AA7449700256CC9 /* Images.xcassets */; };
		12A320C41AA7449700256CC9 /* LaunchScreen.xib in Resources */ = {isa = PBXBuildFile; fileRef = 12A320C21AA7449700256CC9 /* LaunchScreen.xib */; };
		12A320D01AA7449700256CC9 /* SMZDMTests.m in Sources */ = {isa = PBXBuildFile; fileRef = 12A320CF1AA7449700256CC9 /* SMZDMTests.m */; };
		12A320DD1AA74FF500256CC9 /* intro_ip5_1.png in Resources */ = {isa = PBXBuildFile; fileRef = 12A320D91AA74FF500256CC9 /* intro_ip5_1.png */; };
		12A320DE1AA74FF500256CC9 /* intro_ip5_2.png in Resources */ = {isa = PBXBuildFile; fileRef = 12A320DA1AA74FF500256CC9 /* intro_ip5_2.png */; };
		12A320DF1AA74FF500256CC9 /* intro_ip5_3.png in Resources */ = {isa = PBXBuildFile; fileRef = 12A320DB1AA74FF500256CC9 /* intro_ip5_3.png */; };
		12A320E01AA74FF500256CC9 /* intro_ip5_4.png in Resources */ = {isa = PBXBuildFile; fileRef = 12A320DC1AA74FF500256CC9 /* intro_ip5_4.png */; };
		12A320E21AA75D2C00256CC9 /* intro_ip5_btn.png in Resources */ = {isa = PBXBuildFile; fileRef = 12A320E11AA75D2C00256CC9 /* intro_ip5_btn.png */; };
		12A320E51AA7657800256CC9 /* TheMainInterface.m in Sources */ = {isa = PBXBuildFile; fileRef = 12A320E41AA7657800256CC9 /* TheMainInterface.m */; };
		12D39D3F1AA84459000D783C /* TheListOf.m in Sources */ = {isa = PBXBuildFile; fileRef = 12D39D3E1AA84459000D783C /* TheListOf.m */; };
		12D39DBB1AA89E6E000D783C /* SelectBaseClass.m in Sources */ = {isa = PBXBuildFile; fileRef = 12D39DB61AA89E6E000D783C /* SelectBaseClass.m */; };
		12D39DBC1AA89E6E000D783C /* SelectData.m in Sources */ = {isa = PBXBuildFile; fileRef = 12D39DB81AA89E6E000D783C /* SelectData.m */; };
		12D39DBD1AA89E6E000D783C /* SelectRows.m in Sources */ = {isa = PBXBuildFile; fileRef = 12D39DBA1AA89E6E000D783C /* SelectRows.m */; };
		12D39DC11AA8A105000D783C /* NetworkTool.m in Sources */ = {isa = PBXBuildFile; fileRef = 12D39DC01AA8A105000D783C /* NetworkTool.m */; };
		95C56433B23716569D12CF1E /* libPods.a in Frameworks */ = {isa = PBXBuildFile; fileRef = 6DE7B6070632764A0EB6A7F4 /* libPods.a */; };
/* End PBXBuildFile section */

/* Begin PBXContainerItemProxy section */
		12A320CA1AA7449700256CC9 /* PBXContainerItemProxy */ = {
			isa = PBXContainerItemProxy;
			containerPortal = 12A320AE1AA7449600256CC9 /* Project object */;
			proxyType = 1;
			remoteGlobalIDString = 12A320B51AA7449600256CC9;
			remoteInfo = SMZDM;
		};
/* End PBXContainerItemProxy section */

/* Begin PBXFileReference section */
		095202001AA9DD6C00A12CBC /* SearchVC.h */ = {isa = PBXFileReference; fileEncoding = 4; lastKnownFileType = sourcecode.c.h; path = SearchVC.h; sourceTree = "<group>"; };
		095202011AA9DD7D00A12CBC /* CustomLine.h */ = {isa = PBXFileReference; fileEncoding = 4; lastKnownFileType = sourcecode.c.h; path = CustomLine.h; sourceTree = "<group>"; };
		095202021AA9DD7D00A12CBC /* CustomLine.m */ = {isa = PBXFileReference; fileEncoding = 4; lastKnownFileType = sourcecode.c.objc; path = CustomLine.m; sourceTree = "<group>"; };
		095202031AA9DD7D00A12CBC /* SearchVC.m */ = {isa = PBXFileReference; fileEncoding = 4; lastKnownFileType = sourcecode.c.objc; path = SearchVC.m; sourceTree = "<group>"; };
		095202071AA9DDFD00A12CBC /* ListVC.h */ = {isa = PBXFileReference; fileEncoding = 4; lastKnownFileType = sourcecode.c.h; path = ListVC.h; sourceTree = "<group>"; };
		095202081AA9DDFD00A12CBC /* ListVC.m */ = {isa = PBXFileReference; fileEncoding = 4; lastKnownFileType = sourcecode.c.objc; path = ListVC.m; sourceTree = "<group>"; };
		095202091AA9DDFD00A12CBC /* YHcell.h */ = {isa = PBXFileReference; fileEncoding = 4; lastKnownFileType = sourcecode.c.h; path = YHcell.h; sourceTree = "<group>"; };
		0952020A1AA9DDFD00A12CBC /* YHcell.m */ = {isa = PBXFileReference; fileEncoding = 4; lastKnownFileType = sourcecode.c.objc; path = YHcell.m; sourceTree = "<group>"; };
		0952020B1AA9DDFD00A12CBC /* AllTableView.h */ = {isa = PBXFileReference; fileEncoding = 4; lastKnownFileType = sourcecode.c.h; path = AllTableView.h; sourceTree = "<group>"; };
		0952020C1AA9DDFD00A12CBC /* AllTableView.m */ = {isa = PBXFileReference; fileEncoding = 4; lastKnownFileType = sourcecode.c.objc; path = AllTableView.m; sourceTree = "<group>"; };
		095202111AA9DF1C00A12CBC /* 1@2x.png */ = {isa = PBXFileReference; lastKnownFileType = image.png; path = "1@2x.png"; sourceTree = "<group>"; };
		095202121AA9DF1C00A12CBC /* ic_search@2x.png */ = {isa = PBXFileReference; lastKnownFileType = image.png; path = "ic_search@2x.png"; sourceTree = "<group>"; };
		095202131AA9DF1C00A12CBC /* ic_xq_back@2x.png */ = {isa = PBXFileReference; lastKnownFileType = image.png; path = "ic_xq_back@2x.png"; sourceTree = "<group>"; };
		095202141AA9DF1C00A12CBC /* ic_red_back@2x.png */ = {isa = PBXFileReference; lastKnownFileType = image.png; path = "ic_red_back@2x.png"; sourceTree = "<group>"; };
		095202151AA9DF1C00A12CBC /* 2@2x.png */ = {isa = PBXFileReference; lastKnownFileType = image.png; path = "2@2x.png"; sourceTree = "<group>"; };
		095202161AA9DF1C00A12CBC /* 3@2x.png */ = {isa = PBXFileReference; lastKnownFileType = image.png; path = "3@2x.png"; sourceTree = "<group>"; };
		095202171AA9DF1C00A12CBC /* 4@2x.png */ = {isa = PBXFileReference; lastKnownFileType = image.png; path = "4@2x.png"; sourceTree = "<group>"; };
		095202181AA9DF1C00A12CBC /* ic_no_comment@2x.png */ = {isa = PBXFileReference; lastKnownFileType = image.png; path = "ic_no_comment@2x.png"; sourceTree = "<group>"; };
		095202191AA9DF1C00A12CBC /* ic_search_01@2x.png */ = {isa = PBXFileReference; lastKnownFileType = image.png; path = "ic_search_01@2x.png"; sourceTree = "<group>"; };
		0952021A1AA9DF1C00A12CBC /* ic_search_02@2x.png */ = {isa = PBXFileReference; lastKnownFileType = image.png; path = "ic_search_02@2x.png"; sourceTree = "<group>"; };
		0952021B1AA9DF1C00A12CBC /* ic_search_03@2x.png */ = {isa = PBXFileReference; lastKnownFileType = image.png; path = "ic_search_03@2x.png"; sourceTree = "<group>"; };
		0952021C1AA9DF1C00A12CBC /* ic_search_04@2x.png */ = {isa = PBXFileReference; lastKnownFileType = image.png; path = "ic_search_04@2x.png"; sourceTree = "<group>"; };
		0952021D1AA9DF1C00A12CBC /* ic_search_05@2x.png */ = {isa = PBXFileReference; lastKnownFileType = image.png; path = "ic_search_05@2x.png"; sourceTree = "<group>"; };
		0952021E1AA9DF1C00A12CBC /* ic_search_06@2x.png */ = {isa = PBXFileReference; lastKnownFileType = image.png; path = "ic_search_06@2x.png"; sourceTree = "<group>"; };
		0952021F1AA9DF1C00A12CBC /* ic_search_07@2x.png */ = {isa = PBXFileReference; lastKnownFileType = image.png; path = "ic_search_07@2x.png"; sourceTree = "<group>"; };
		095202201AA9DF1C00A12CBC /* ic_search_08@2x.png */ = {isa = PBXFileReference; lastKnownFileType = image.png; path = "ic_search_08@2x.png"; sourceTree = "<group>"; };
		095202211AA9DF1C00A12CBC /* ic_search_09@2x.png */ = {isa = PBXFileReference; lastKnownFileType = image.png; path = "ic_search_09@2x.png"; sourceTree = "<group>"; };
		095202221AA9DF1C00A12CBC /* ic_search_10@2x.png */ = {isa = PBXFileReference; lastKnownFileType = image.png; path = "ic_search_10@2x.png"; sourceTree = "<group>"; };
		095202231AA9DF1C00A12CBC /* ic_search_11@2x.png */ = {isa = PBXFileReference; lastKnownFileType = image.png; path = "ic_search_11@2x.png"; sourceTree = "<group>"; };
		095202241AA9DF1C00A12CBC /* ic_search_12@2x.png */ = {isa = PBXFileReference; lastKnownFileType = image.png; path = "ic_search_12@2x.png"; sourceTree = "<group>"; };
		095202251AA9DF1C00A12CBC /* ic_search_13@2x.png */ = {isa = PBXFileReference; lastKnownFileType = image.png; path = "ic_search_13@2x.png"; sourceTree = "<group>"; };
		095202261AA9DF1C00A12CBC /* ic_search_14@2x.png */ = {isa = PBXFileReference; lastKnownFileType = image.png; path = "ic_search_14@2x.png"; sourceTree = "<group>"; };
		095202271AA9DF1C00A12CBC /* ic_search_15@2x.png */ = {isa = PBXFileReference; lastKnownFileType = image.png; path = "ic_search_15@2x.png"; sourceTree = "<group>"; };
		121D73E01AA97439008A9CBF /* preferentialArticleMallClient.h */ = {isa = PBXFileReference; fileEncoding = 4; lastKnownFileType = sourcecode.c.h; path = preferentialArticleMallClient.h; sourceTree = "<group>"; };
		121D73E11AA97439008A9CBF /* preferentialArticleMallClient.m */ = {isa = PBXFileReference; fileEncoding = 4; lastKnownFileType = sourcecode.c.objc; path = preferentialArticleMallClient.m; sourceTree = "<group>"; };
		121D73E21AA97439008A9CBF /* preferentialBaseClass.h */ = {isa = PBXFileReference; fileEncoding = 4; lastKnownFileType = sourcecode.c.h; path = preferentialBaseClass.h; sourceTree = "<group>"; };
		121D73E31AA97439008A9CBF /* preferentialBaseClass.m */ = {isa = PBXFileReference; fileEncoding = 4; lastKnownFileType = sourcecode.c.objc; path = preferentialBaseClass.m; sourceTree = "<group>"; };
		121D73E41AA97439008A9CBF /* preferentialData.h */ = {isa = PBXFileReference; fileEncoding = 4; lastKnownFileType = sourcecode.c.h; path = preferentialData.h; sourceTree = "<group>"; };
		121D73E51AA97439008A9CBF /* preferentialData.m */ = {isa = PBXFileReference; fileEncoding = 4; lastKnownFileType = sourcecode.c.objc; path = preferentialData.m; sourceTree = "<group>"; };
		121D73E61AA97439008A9CBF /* preferentialRows.h */ = {isa = PBXFileReference; fileEncoding = 4; lastKnownFileType = sourcecode.c.h; path = preferentialRows.h; sourceTree = "<group>"; };
		121D73E71AA97439008A9CBF /* preferentialRows.m */ = {isa = PBXFileReference; fileEncoding = 4; lastKnownFileType = sourcecode.c.objc; path = preferentialRows.m; sourceTree = "<group>"; };
		121D73ED1AA97ACC008A9CBF /* DataModels.h */ = {isa = PBXFileReference; fileEncoding = 4; lastKnownFileType = sourcecode.c.h; path = DataModels.h; sourceTree = "<group>"; };
		121D73EF1AA985D7008A9CBF /* HaiTaoBaseClass.h */ = {isa = PBXFileReference; fileEncoding = 4; lastKnownFileType = sourcecode.c.h; path = HaiTaoBaseClass.h; sourceTree = "<group>"; };
		121D73F01AA985D7008A9CBF /* HaiTaoBaseClass.m */ = {isa = PBXFileReference; fileEncoding = 4; lastKnownFileType = sourcecode.c.objc; path = HaiTaoBaseClass.m; sourceTree = "<group>"; };
		121D73F11AA985D7008A9CBF /* HaiTaoData.h */ = {isa = PBXFileReference; fileEncoding = 4; lastKnownFileType = sourcecode.c.h; path = HaiTaoData.h; sourceTree = "<group>"; };
		121D73F21AA985D7008A9CBF /* HaiTaoData.m */ = {isa = PBXFileReference; fileEncoding = 4; lastKnownFileType = sourcecode.c.objc; path = HaiTaoData.m; sourceTree = "<group>"; };
		121D73F31AA985D7008A9CBF /* HaiTaoRows.h */ = {isa = PBXFileReference; fileEncoding = 4; lastKnownFileType = sourcecode.c.h; path = HaiTaoRows.h; sourceTree = "<group>"; };
		121D73F41AA985D7008A9CBF /* HaiTaoRows.m */ = {isa = PBXFileReference; fileEncoding = 4; lastKnownFileType = sourcecode.c.objc; path = HaiTaoRows.m; sourceTree = "<group>"; };
		121D73FB1AA9AF7E008A9CBF /* TheListViewCell.h */ = {isa = PBXFileReference; fileEncoding = 4; lastKnownFileType = sourcecode.c.h; path = TheListViewCell.h; sourceTree = "<group>"; };
		121D73FC1AA9AF7E008A9CBF /* TheListViewCell.m */ = {isa = PBXFileReference; fileEncoding = 4; lastKnownFileType = sourcecode.c.objc; path = TheListViewCell.m; sourceTree = "<group>"; };
		121D74001AA9C878008A9CBF /* InformationBaseClass.h */ = {isa = PBXFileReference; fileEncoding = 4; lastKnownFileType = sourcecode.c.h; path = InformationBaseClass.h; sourceTree = "<group>"; };
		121D74011AA9C878008A9CBF /* InformationBaseClass.m */ = {isa = PBXFileReference; fileEncoding = 4; lastKnownFileType = sourcecode.c.objc; path = InformationBaseClass.m; sourceTree = "<group>"; };
		121D74021AA9C878008A9CBF /* InformationData.h */ = {isa = PBXFileReference; fileEncoding = 4; lastKnownFileType = sourcecode.c.h; path = InformationData.h; sourceTree = "<group>"; };
		121D74031AA9C878008A9CBF /* InformationData.m */ = {isa = PBXFileReference; fileEncoding = 4; lastKnownFileType = sourcecode.c.objc; path = InformationData.m; sourceTree = "<group>"; };
		121D74041AA9C878008A9CBF /* InformationRows.h */ = {isa = PBXFileReference; fileEncoding = 4; lastKnownFileType = sourcecode.c.h; path = InformationRows.h; sourceTree = "<group>"; };
		121D74051AA9C878008A9CBF /* InformationRows.m */ = {isa = PBXFileReference; fileEncoding = 4; lastKnownFileType = sourcecode.c.objc; path = InformationRows.m; sourceTree = "<group>"; };
		121D740A1AA9F26E008A9CBF /* ExperienceBaseClass.h */ = {isa = PBXFileReference; fileEncoding = 4; lastKnownFileType = sourcecode.c.h; path = ExperienceBaseClass.h; sourceTree = "<group>"; };
		121D740B1AA9F26E008A9CBF /* ExperienceBaseClass.m */ = {isa = PBXFileReference; fileEncoding = 4; lastKnownFileType = sourcecode.c.objc; path = ExperienceBaseClass.m; sourceTree = "<group>"; };
		121D740C1AA9F26E008A9CBF /* ExperienceData.h */ = {isa = PBXFileReference; fileEncoding = 4; lastKnownFileType = sourcecode.c.h; path = ExperienceData.h; sourceTree = "<group>"; };
		121D740D1AA9F26E008A9CBF /* ExperienceData.m */ = {isa = PBXFileReference; fileEncoding = 4; lastKnownFileType = sourcecode.c.objc; path = ExperienceData.m; sourceTree = "<group>"; };
		121D740E1AA9F26E008A9CBF /* ExperienceRows.h */ = {isa = PBXFileReference; fileEncoding = 4; lastKnownFileType = sourcecode.c.h; path = ExperienceRows.h; sourceTree = "<group>"; };
		121D740F1AA9F26E008A9CBF /* ExperienceRows.m */ = {isa = PBXFileReference; fileEncoding = 4; lastKnownFileType = sourcecode.c.objc; path = ExperienceRows.m; sourceTree = "<group>"; };
		127684241AA78FEE00B09810 /* ScrollBaseClass.h */ = {isa = PBXFileReference; fileEncoding = 4; lastKnownFileType = sourcecode.c.h; path = ScrollBaseClass.h; sourceTree = "<group>"; };
		127684251AA78FEE00B09810 /* ScrollBaseClass.m */ = {isa = PBXFileReference; fileEncoding = 4; lastKnownFileType = sourcecode.c.objc; path = ScrollBaseClass.m; sourceTree = "<group>"; };
		127684261AA78FEE00B09810 /* ScrollData.h */ = {isa = PBXFileReference; fileEncoding = 4; lastKnownFileType = sourcecode.c.h; path = ScrollData.h; sourceTree = "<group>"; };
		127684271AA78FEE00B09810 /* ScrollData.m */ = {isa = PBXFileReference; fileEncoding = 4; lastKnownFileType = sourcecode.c.objc; path = ScrollData.m; sourceTree = "<group>"; };
		127684281AA78FEE00B09810 /* ScrollRows.h */ = {isa = PBXFileReference; fileEncoding = 4; lastKnownFileType = sourcecode.c.h; path = ScrollRows.h; sourceTree = "<group>"; };
		127684291AA78FEE00B09810 /* ScrollRows.m */ = {isa = PBXFileReference; fileEncoding = 4; lastKnownFileType = sourcecode.c.objc; path = ScrollRows.m; sourceTree = "<group>"; };
		128939591AAAE14F00CB6220 /* 1@2x.png */ = {isa = PBXFileReference; lastKnownFileType = image.png; path = "1@2x.png"; sourceTree = "<group>"; };
		1289395A1AAAE14F00CB6220 /* 2@2x.png */ = {isa = PBXFileReference; lastKnownFileType = image.png; path = "2@2x.png"; sourceTree = "<group>"; };
		1289395B1AAAE14F00CB6220 /* 3@2x.png */ = {isa = PBXFileReference; lastKnownFileType = image.png; path = "3@2x.png"; sourceTree = "<group>"; };
		1289395C1AAAE14F00CB6220 /* 4@2x.png */ = {isa = PBXFileReference; lastKnownFileType = image.png; path = "4@2x.png"; sourceTree = "<group>"; };
		128939611AAAE15F00CB6220 /* ic_red_back@2x.png */ = {isa = PBXFileReference; lastKnownFileType = image.png; path = "ic_red_back@2x.png"; sourceTree = "<group>"; };
		128939621AAAE15F00CB6220 /* ic_search_01@2x.png */ = {isa = PBXFileReference; lastKnownFileType = image.png; path = "ic_search_01@2x.png"; sourceTree = "<group>"; };
		128939631AAAE15F00CB6220 /* ic_search_02@2x.png */ = {isa = PBXFileReference; lastKnownFileType = image.png; path = "ic_search_02@2x.png"; sourceTree = "<group>"; };
		128939641AAAE15F00CB6220 /* ic_search_03@2x.png */ = {isa = PBXFileReference; lastKnownFileType = image.png; path = "ic_search_03@2x.png"; sourceTree = "<group>"; };
		128939651AAAE15F00CB6220 /* ic_search_04@2x.png */ = {isa = PBXFileReference; lastKnownFileType = image.png; path = "ic_search_04@2x.png"; sourceTree = "<group>"; };
		128939661AAAE15F00CB6220 /* ic_search_05@2x.png */ = {isa = PBXFileReference; lastKnownFileType = image.png; path = "ic_search_05@2x.png"; sourceTree = "<group>"; };
		128939671AAAE15F00CB6220 /* ic_search_06@2x.png */ = {isa = PBXFileReference; lastKnownFileType = image.png; path = "ic_search_06@2x.png"; sourceTree = "<group>"; };
		128939681AAAE15F00CB6220 /* ic_search_07@2x.png */ = {isa = PBXFileReference; lastKnownFileType = image.png; path = "ic_search_07@2x.png"; sourceTree = "<group>"; };
		128939691AAAE15F00CB6220 /* ic_search_08@2x.png */ = {isa = PBXFileReference; lastKnownFileType = image.png; path = "ic_search_08@2x.png"; sourceTree = "<group>"; };
		1289396A1AAAE15F00CB6220 /* ic_search_09@2x.png */ = {isa = PBXFileReference; lastKnownFileType = image.png; path = "ic_search_09@2x.png"; sourceTree = "<group>"; };
		1289396B1AAAE15F00CB6220 /* ic_search_10@2x.png */ = {isa = PBXFileReference; lastKnownFileType = image.png; path = "ic_search_10@2x.png"; sourceTree = "<group>"; };
		1289396C1AAAE15F00CB6220 /* ic_search_11@2x.png */ = {isa = PBXFileReference; lastKnownFileType = image.png; path = "ic_search_11@2x.png"; sourceTree = "<group>"; };
		1289396D1AAAE15F00CB6220 /* ic_search_12@2x.png */ = {isa = PBXFileReference; lastKnownFileType = image.png; path = "ic_search_12@2x.png"; sourceTree = "<group>"; };
		1289396E1AAAE15F00CB6220 /* ic_search_13@2x.png */ = {isa = PBXFileReference; lastKnownFileType = image.png; path = "ic_search_13@2x.png"; sourceTree = "<group>"; };
		1289396F1AAAE15F00CB6220 /* ic_search_14@2x.png */ = {isa = PBXFileReference; lastKnownFileType = image.png; path = "ic_search_14@2x.png"; sourceTree = "<group>"; };
		128939701AAAE15F00CB6220 /* ic_search_15@2x.png */ = {isa = PBXFileReference; lastKnownFileType = image.png; path = "ic_search_15@2x.png"; sourceTree = "<group>"; };
		128939811AAAE16600CB6220 /* ic_search@2x.png */ = {isa = PBXFileReference; lastKnownFileType = image.png; path = "ic_search@2x.png"; sourceTree = "<group>"; };
		128939821AAAE16600CB6220 /* ic_xq_back@2x.png */ = {isa = PBXFileReference; lastKnownFileType = image.png; path = "ic_xq_back@2x.png"; sourceTree = "<group>"; };
		128939861AAAE40000CB6220 /* BaskInContentBaseClass.h */ = {isa = PBXFileReference; fileEncoding = 4; lastKnownFileType = sourcecode.c.h; path = BaskInContentBaseClass.h; sourceTree = "<group>"; };
		128939871AAAE40000CB6220 /* BaskInContentBaseClass.m */ = {isa = PBXFileReference; fileEncoding = 4; lastKnownFileType = sourcecode.c.objc; path = BaskInContentBaseClass.m; sourceTree = "<group>"; };
		128939881AAAE40000CB6220 /* BaskInContentData.h */ = {isa = PBXFileReference; fileEncoding = 4; lastKnownFileType = sourcecode.c.h; path = BaskInContentData.h; sourceTree = "<group>"; };
		128939891AAAE40000CB6220 /* BaskInContentData.m */ = {isa = PBXFileReference; fileEncoding = 4; lastKnownFileType = sourcecode.c.objc; path = BaskInContentData.m; sourceTree = "<group>"; };
		1289398A1AAAE40000CB6220 /* BaskInContentRows.h */ = {isa = PBXFileReference; fileEncoding = 4; lastKnownFileType = sourcecode.c.h; path = BaskInContentRows.h; sourceTree = "<group>"; };
		1289398B1AAAE40000CB6220 /* BaskInContentRows.m */ = {isa = PBXFileReference; fileEncoding = 4; lastKnownFileType = sourcecode.c.objc; path = BaskInContentRows.m; sourceTree = "<group>"; };
		1289398F1AAAE44E00CB6220 /* BaskInContentCell.h */ = {isa = PBXFileReference; fileEncoding = 4; lastKnownFileType = sourcecode.c.h; path = BaskInContentCell.h; sourceTree = "<group>"; };
		128939901AAAE44E00CB6220 /* BaskInContentCell.m */ = {isa = PBXFileReference; fileEncoding = 4; lastKnownFileType = sourcecode.c.objc; path = BaskInContentCell.m; sourceTree = "<group>"; };
		12A320B61AA7449600256CC9 /* SMZDM.app */ = {isa = PBXFileReference; explicitFileType = wrapper.application; includeInIndex = 0; path = SMZDM.app; sourceTree = BUILT_PRODUCTS_DIR; };
		12A320BA1AA7449700256CC9 /* Info.plist */ = {isa = PBXFileReference; lastKnownFileType = text.plist.xml; path = Info.plist; sourceTree = "<group>"; };
		12A320BB1AA7449700256CC9 /* main.m */ = {isa = PBXFileReference; lastKnownFileType = sourcecode.c.objc; path = main.m; sourceTree = "<group>"; };
		12A320BD1AA7449700256CC9 /* AppDelegate.h */ = {isa = PBXFileReference; lastKnownFileType = sourcecode.c.h; path = AppDelegate.h; sourceTree = "<group>"; };
		12A320BE1AA7449700256CC9 /* AppDelegate.m */ = {isa = PBXFileReference; lastKnownFileType = sourcecode.c.objc; path = AppDelegate.m; sourceTree = "<group>"; };
		12A320C01AA7449700256CC9 /* Images.xcassets */ = {isa = PBXFileReference; lastKnownFileType = folder.assetcatalog; path = Images.xcassets; sourceTree = "<group>"; };
		12A320C31AA7449700256CC9 /* Base */ = {isa = PBXFileReference; lastKnownFileType = file.xib; name = Base; path = Base.lproj/LaunchScreen.xib; sourceTree = "<group>"; };
		12A320C91AA7449700256CC9 /* SMZDMTests.xctest */ = {isa = PBXFileReference; explicitFileType = wrapper.cfbundle; includeInIndex = 0; path = SMZDMTests.xctest; sourceTree = BUILT_PRODUCTS_DIR; };
		12A320CE1AA7449700256CC9 /* Info.plist */ = {isa = PBXFileReference; lastKnownFileType = text.plist.xml; path = Info.plist; sourceTree = "<group>"; };
		12A320CF1AA7449700256CC9 /* SMZDMTests.m */ = {isa = PBXFileReference; lastKnownFileType = sourcecode.c.objc; path = SMZDMTests.m; sourceTree = "<group>"; };
		12A320D91AA74FF500256CC9 /* intro_ip5_1.png */ = {isa = PBXFileReference; lastKnownFileType = image.png; name = intro_ip5_1.png; path = ../intro_ip5_1.png; sourceTree = "<group>"; };
		12A320DA1AA74FF500256CC9 /* intro_ip5_2.png */ = {isa = PBXFileReference; lastKnownFileType = image.png; name = intro_ip5_2.png; path = ../intro_ip5_2.png; sourceTree = "<group>"; };
		12A320DB1AA74FF500256CC9 /* intro_ip5_3.png */ = {isa = PBXFileReference; lastKnownFileType = image.png; name = intro_ip5_3.png; path = ../intro_ip5_3.png; sourceTree = "<group>"; };
		12A320DC1AA74FF500256CC9 /* intro_ip5_4.png */ = {isa = PBXFileReference; lastKnownFileType = image.png; name = intro_ip5_4.png; path = ../intro_ip5_4.png; sourceTree = "<group>"; };
		12A320E11AA75D2C00256CC9 /* intro_ip5_btn.png */ = {isa = PBXFileReference; lastKnownFileType = image.png; name = intro_ip5_btn.png; path = ../intro_ip5_btn.png; sourceTree = "<group>"; };
		12A320E31AA7657700256CC9 /* TheMainInterface.h */ = {isa = PBXFileReference; fileEncoding = 4; lastKnownFileType = sourcecode.c.h; path = TheMainInterface.h; sourceTree = "<group>"; };
		12A320E41AA7657800256CC9 /* TheMainInterface.m */ = {isa = PBXFileReference; fileEncoding = 4; lastKnownFileType = sourcecode.c.objc; path = TheMainInterface.m; sourceTree = "<group>"; };
		12D39D3D1AA84459000D783C /* TheListOf.h */ = {isa = PBXFileReference; fileEncoding = 4; lastKnownFileType = sourcecode.c.h; path = TheListOf.h; sourceTree = "<group>"; };
		12D39D3E1AA84459000D783C /* TheListOf.m */ = {isa = PBXFileReference; fileEncoding = 4; lastKnownFileType = sourcecode.c.objc; path = TheListOf.m; sourceTree = "<group>"; };
		12D39DB51AA89E6E000D783C /* SelectBaseClass.h */ = {isa = PBXFileReference; fileEncoding = 4; lastKnownFileType = sourcecode.c.h; path = SelectBaseClass.h; sourceTree = "<group>"; };
		12D39DB61AA89E6E000D783C /* SelectBaseClass.m */ = {isa = PBXFileReference; fileEncoding = 4; lastKnownFileType = sourcecode.c.objc; path = SelectBaseClass.m; sourceTree = "<group>"; };
		12D39DB71AA89E6E000D783C /* SelectData.h */ = {isa = PBXFileReference; fileEncoding = 4; lastKnownFileType = sourcecode.c.h; path = SelectData.h; sourceTree = "<group>"; };
		12D39DB81AA89E6E000D783C /* SelectData.m */ = {isa = PBXFileReference; fileEncoding = 4; lastKnownFileType = sourcecode.c.objc; path = SelectData.m; sourceTree = "<group>"; };
		12D39DB91AA89E6E000D783C /* SelectRows.h */ = {isa = PBXFileReference; fileEncoding = 4; lastKnownFileType = sourcecode.c.h; path = SelectRows.h; sourceTree = "<group>"; };
		12D39DBA1AA89E6E000D783C /* SelectRows.m */ = {isa = PBXFileReference; fileEncoding = 4; lastKnownFileType = sourcecode.c.objc; path = SelectRows.m; sourceTree = "<group>"; };
		12D39DBF1AA8A105000D783C /* NetworkTool.h */ = {isa = PBXFileReference; fileEncoding = 4; lastKnownFileType = sourcecode.c.h; path = NetworkTool.h; sourceTree = "<group>"; };
		12D39DC01AA8A105000D783C /* NetworkTool.m */ = {isa = PBXFileReference; fileEncoding = 4; lastKnownFileType = sourcecode.c.objc; path = NetworkTool.m; sourceTree = "<group>"; };
		6960B0739ECA9015660BF411 /* Pods.release.xcconfig */ = {isa = PBXFileReference; includeInIndex = 1; lastKnownFileType = text.xcconfig; name = Pods.release.xcconfig; path = "Pods/Target Support Files/Pods/Pods.release.xcconfig"; sourceTree = "<group>"; };
		6DE7B6070632764A0EB6A7F4 /* libPods.a */ = {isa = PBXFileReference; explicitFileType = archive.ar; includeInIndex = 0; path = libPods.a; sourceTree = BUILT_PRODUCTS_DIR; };
		F1ACA050B3FD72447E796CB6 /* Pods.debug.xcconfig */ = {isa = PBXFileReference; includeInIndex = 1; lastKnownFileType = text.xcconfig; name = Pods.debug.xcconfig; path = "Pods/Target Support Files/Pods/Pods.debug.xcconfig"; sourceTree = "<group>"; };
/* End PBXFileReference section */

/* Begin PBXFrameworksBuildPhase section */
		12A320B31AA7449600256CC9 /* Frameworks */ = {
			isa = PBXFrameworksBuildPhase;
			buildActionMask = 2147483647;
			files = (
				95C56433B23716569D12CF1E /* libPods.a in Frameworks */,
			);
			runOnlyForDeploymentPostprocessing = 0;
		};
		12A320C61AA7449700256CC9 /* Frameworks */ = {
			isa = PBXFrameworksBuildPhase;
			buildActionMask = 2147483647;
			files = (
			);
			runOnlyForDeploymentPostprocessing = 0;
		};
/* End PBXFrameworksBuildPhase section */

/* Begin PBXGroup section */
		095201FF1AA9DD4A00A12CBC /* Sorting */ = {
			isa = PBXGroup;
			children = (
				095202001AA9DD6C00A12CBC /* SearchVC.h */,
				095202011AA9DD7D00A12CBC /* CustomLine.h */,
				095202021AA9DD7D00A12CBC /* CustomLine.m */,
				095202031AA9DD7D00A12CBC /* SearchVC.m */,
			);
			name = Sorting;
			sourceTree = "<group>";
		};
		095202061AA9DDC600A12CBC /* DayList */ = {
			isa = PBXGroup;
			children = (
				095202071AA9DDFD00A12CBC /* ListVC.h */,
				095202081AA9DDFD00A12CBC /* ListVC.m */,
				095202091AA9DDFD00A12CBC /* YHcell.h */,
				0952020A1AA9DDFD00A12CBC /* YHcell.m */,
				0952020B1AA9DDFD00A12CBC /* AllTableView.h */,
				0952020C1AA9DDFD00A12CBC /* AllTableView.m */,
			);
			name = DayList;
			sourceTree = "<group>";
		};
		121D73DF1AA97439008A9CBF /* preferential */ = {
			isa = PBXGroup;
			children = (
				121D73E01AA97439008A9CBF /* preferentialArticleMallClient.h */,
				121D73E11AA97439008A9CBF /* preferentialArticleMallClient.m */,
				121D73E21AA97439008A9CBF /* preferentialBaseClass.h */,
				121D73E31AA97439008A9CBF /* preferentialBaseClass.m */,
				121D73E41AA97439008A9CBF /* preferentialData.h */,
				121D73E51AA97439008A9CBF /* preferentialData.m */,
				121D73E61AA97439008A9CBF /* preferentialRows.h */,
				121D73E71AA97439008A9CBF /* preferentialRows.m */,
			);
			path = preferential;
			sourceTree = "<group>";
		};
		121D73EC1AA97469008A9CBF /* AllTools */ = {
			isa = PBXGroup;
			children = (
				12D39DBF1AA8A105000D783C /* NetworkTool.h */,
				12D39DC01AA8A105000D783C /* NetworkTool.m */,
			);
			name = AllTools;
			sourceTree = "<group>";
		};
		121D73EE1AA985D7008A9CBF /* HaiTao */ = {
			isa = PBXGroup;
			children = (
				121D73EF1AA985D7008A9CBF /* HaiTaoBaseClass.h */,
				121D73F01AA985D7008A9CBF /* HaiTaoBaseClass.m */,
				121D73F11AA985D7008A9CBF /* HaiTaoData.h */,
				121D73F21AA985D7008A9CBF /* HaiTaoData.m */,
				121D73F31AA985D7008A9CBF /* HaiTaoRows.h */,
				121D73F41AA985D7008A9CBF /* HaiTaoRows.m */,
			);
			path = HaiTao;
			sourceTree = "<group>";
		};
		121D73FE1AA9C878008A9CBF /* information */ = {
			isa = PBXGroup;
			children = (
				121D74001AA9C878008A9CBF /* InformationBaseClass.h */,
				121D74011AA9C878008A9CBF /* InformationBaseClass.m */,
				121D74021AA9C878008A9CBF /* InformationData.h */,
				121D74031AA9C878008A9CBF /* InformationData.m */,
				121D74041AA9C878008A9CBF /* InformationRows.h */,
				121D74051AA9C878008A9CBF /* InformationRows.m */,
			);
			path = information;
			sourceTree = "<group>";
		};
		121D74091AA9F26E008A9CBF /* Experience */ = {
			isa = PBXGroup;
			children = (
				121D740A1AA9F26E008A9CBF /* ExperienceBaseClass.h */,
				121D740B1AA9F26E008A9CBF /* ExperienceBaseClass.m */,
				121D740C1AA9F26E008A9CBF /* ExperienceData.h */,
				121D740D1AA9F26E008A9CBF /* ExperienceData.m */,
				121D740E1AA9F26E008A9CBF /* ExperienceRows.h */,
				121D740F1AA9F26E008A9CBF /* ExperienceRows.m */,
			);
			path = Experience;
			sourceTree = "<group>";
		};
		125C4E4B1AA953DA009C1118 /* Resource map */ = {
			isa = PBXGroup;
			children = (
				12A320D91AA74FF500256CC9 /* intro_ip5_1.png */,
				12A320DA1AA74FF500256CC9 /* intro_ip5_2.png */,
				12A320DB1AA74FF500256CC9 /* intro_ip5_3.png */,
				12A320E11AA75D2C00256CC9 /* intro_ip5_btn.png */,
				12A320DC1AA74FF500256CC9 /* intro_ip5_4.png */,
				128939591AAAE14F00CB6220 /* 1@2x.png */,
				1289395A1AAAE14F00CB6220 /* 2@2x.png */,
				1289395B1AAAE14F00CB6220 /* 3@2x.png */,
				1289395C1AAAE14F00CB6220 /* 4@2x.png */,
				095202111AA9DF1C00A12CBC /* 1@2x.png */,
				095202121AA9DF1C00A12CBC /* ic_search@2x.png */,
				095202131AA9DF1C00A12CBC /* ic_xq_back@2x.png */,
				128939811AAAE16600CB6220 /* ic_search@2x.png */,
				128939821AAAE16600CB6220 /* ic_xq_back@2x.png */,
				095202141AA9DF1C00A12CBC /* ic_red_back@2x.png */,
				095202151AA9DF1C00A12CBC /* 2@2x.png */,
				128939611AAAE15F00CB6220 /* ic_red_back@2x.png */,
				128939621AAAE15F00CB6220 /* ic_search_01@2x.png */,
				128939631AAAE15F00CB6220 /* ic_search_02@2x.png */,
				128939641AAAE15F00CB6220 /* ic_search_03@2x.png */,
				128939651AAAE15F00CB6220 /* ic_search_04@2x.png */,
				128939661AAAE15F00CB6220 /* ic_search_05@2x.png */,
				128939671AAAE15F00CB6220 /* ic_search_06@2x.png */,
				128939681AAAE15F00CB6220 /* ic_search_07@2x.png */,
				128939691AAAE15F00CB6220 /* ic_search_08@2x.png */,
				1289396A1AAAE15F00CB6220 /* ic_search_09@2x.png */,
				1289396B1AAAE15F00CB6220 /* ic_search_10@2x.png */,
				1289396C1AAAE15F00CB6220 /* ic_search_11@2x.png */,
				1289396D1AAAE15F00CB6220 /* ic_search_12@2x.png */,
				1289396E1AAAE15F00CB6220 /* ic_search_13@2x.png */,
				1289396F1AAAE15F00CB6220 /* ic_search_14@2x.png */,
				128939701AAAE15F00CB6220 /* ic_search_15@2x.png */,
				095202161AA9DF1C00A12CBC /* 3@2x.png */,
				095202171AA9DF1C00A12CBC /* 4@2x.png */,
				095202181AA9DF1C00A12CBC /* ic_no_comment@2x.png */,
				095202191AA9DF1C00A12CBC /* ic_search_01@2x.png */,
				0952021A1AA9DF1C00A12CBC /* ic_search_02@2x.png */,
				0952021B1AA9DF1C00A12CBC /* ic_search_03@2x.png */,
				0952021C1AA9DF1C00A12CBC /* ic_search_04@2x.png */,
				0952021D1AA9DF1C00A12CBC /* ic_search_05@2x.png */,
				0952021E1AA9DF1C00A12CBC /* ic_search_06@2x.png */,
				0952021F1AA9DF1C00A12CBC /* ic_search_07@2x.png */,
				095202201AA9DF1C00A12CBC /* ic_search_08@2x.png */,
				095202211AA9DF1C00A12CBC /* ic_search_09@2x.png */,
				095202221AA9DF1C00A12CBC /* ic_search_10@2x.png */,
				095202231AA9DF1C00A12CBC /* ic_search_11@2x.png */,
				095202241AA9DF1C00A12CBC /* ic_search_12@2x.png */,
				095202251AA9DF1C00A12CBC /* ic_search_13@2x.png */,
				095202261AA9DF1C00A12CBC /* ic_search_14@2x.png */,
				095202271AA9DF1C00A12CBC /* ic_search_15@2x.png */,
			);
			name = "Resource map";
			path = AFNetworking;
			sourceTree = "<group>";
		};
		127684221AA78FEE00B09810 /* interface */ = {
			isa = PBXGroup;
			children = (
				121D73ED1AA97ACC008A9CBF /* DataModels.h */,
				127684241AA78FEE00B09810 /* ScrollBaseClass.h */,
				127684251AA78FEE00B09810 /* ScrollBaseClass.m */,
				127684261AA78FEE00B09810 /* ScrollData.h */,
				127684271AA78FEE00B09810 /* ScrollData.m */,
				127684281AA78FEE00B09810 /* ScrollRows.h */,
				127684291AA78FEE00B09810 /* ScrollRows.m */,
			);
			path = interface;
			sourceTree = "<group>";
		};
		128939851AAAE40000CB6220 /* BaskInContent */ = {
			isa = PBXGroup;
			children = (
				128939861AAAE40000CB6220 /* BaskInContentBaseClass.h */,
				128939871AAAE40000CB6220 /* BaskInContentBaseClass.m */,
				128939881AAAE40000CB6220 /* BaskInContentData.h */,
				128939891AAAE40000CB6220 /* BaskInContentData.m */,
				1289398A1AAAE40000CB6220 /* BaskInContentRows.h */,
				1289398B1AAAE40000CB6220 /* BaskInContentRows.m */,
			);
			path = BaskInContent;
			sourceTree = "<group>";
		};
		12A320AD1AA7449600256CC9 = {
			isa = PBXGroup;
			children = (
				12A320B81AA7449700256CC9 /* SMZDM */,
				12A320CC1AA7449700256CC9 /* SMZDMTests */,
				12A320B71AA7449700256CC9 /* Products */,
				260281AEF068C0A6207F946D /* Pods */,
				C934D5CAB483FEC189A5F51F /* Frameworks */,
			);
			sourceTree = "<group>";
		};
		12A320B71AA7449700256CC9 /* Products */ = {
			isa = PBXGroup;
			children = (
				12A320B61AA7449600256CC9 /* SMZDM.app */,
				12A320C91AA7449700256CC9 /* SMZDMTests.xctest */,
			);
			name = Products;
			sourceTree = "<group>";
		};
		12A320B81AA7449700256CC9 /* SMZDM */ = {
			isa = PBXGroup;
			children = (
				127684221AA78FEE00B09810 /* interface */,
				12D39DB41AA89E6E000D783C /* Select */,
				121D73DF1AA97439008A9CBF /* preferential */,
				121D73EE1AA985D7008A9CBF /* HaiTao */,
				128939851AAAE40000CB6220 /* BaskInContent */,
				121D74091AA9F26E008A9CBF /* Experience */,
				121D73FE1AA9C878008A9CBF /* information */,
				12A320BD1AA7449700256CC9 /* AppDelegate.h */,
				12A320BE1AA7449700256CC9 /* AppDelegate.m */,
				12A320E31AA7657700256CC9 /* TheMainInterface.h */,
				12A320E41AA7657800256CC9 /* TheMainInterface.m */,
				121D73EC1AA97469008A9CBF /* AllTools */,
				12D39D3D1AA84459000D783C /* TheListOf.h */,
				12D39D3E1AA84459000D783C /* TheListOf.m */,
				1289398F1AAAE44E00CB6220 /* BaskInContentCell.h */,
				128939901AAAE44E00CB6220 /* BaskInContentCell.m */,
				121D73FB1AA9AF7E008A9CBF /* TheListViewCell.h */,
				121D73FC1AA9AF7E008A9CBF /* TheListViewCell.m */,
				095201FF1AA9DD4A00A12CBC /* Sorting */,
				095202061AA9DDC600A12CBC /* DayList */,
				125C4E4B1AA953DA009C1118 /* Resource map */,
				12A320C01AA7449700256CC9 /* Images.xcassets */,
				12A320C21AA7449700256CC9 /* LaunchScreen.xib */,
				12A320B91AA7449700256CC9 /* Supporting Files */,
			);
			path = SMZDM;
			sourceTree = "<group>";
		};
		12A320B91AA7449700256CC9 /* Supporting Files */ = {
			isa = PBXGroup;
			children = (
				12A320BA1AA7449700256CC9 /* Info.plist */,
				12A320BB1AA7449700256CC9 /* main.m */,
			);
			name = "Supporting Files";
			sourceTree = "<group>";
		};
		12A320CC1AA7449700256CC9 /* SMZDMTests */ = {
			isa = PBXGroup;
			children = (
				12A320CF1AA7449700256CC9 /* SMZDMTests.m */,
				12A320CD1AA7449700256CC9 /* Supporting Files */,
			);
			path = SMZDMTests;
			sourceTree = "<group>";
		};
		12A320CD1AA7449700256CC9 /* Supporting Files */ = {
			isa = PBXGroup;
			children = (
				12A320CE1AA7449700256CC9 /* Info.plist */,
			);
			name = "Supporting Files";
			sourceTree = "<group>";
		};
		12D39DB41AA89E6E000D783C /* Select */ = {
			isa = PBXGroup;
			children = (
				12D39DB51AA89E6E000D783C /* SelectBaseClass.h */,
				12D39DB61AA89E6E000D783C /* SelectBaseClass.m */,
				12D39DB71AA89E6E000D783C /* SelectData.h */,
				12D39DB81AA89E6E000D783C /* SelectData.m */,
				12D39DB91AA89E6E000D783C /* SelectRows.h */,
				12D39DBA1AA89E6E000D783C /* SelectRows.m */,
			);
			path = Select;
			sourceTree = "<group>";
		};
		260281AEF068C0A6207F946D /* Pods */ = {
			isa = PBXGroup;
			children = (
				F1ACA050B3FD72447E796CB6 /* Pods.debug.xcconfig */,
				6960B0739ECA9015660BF411 /* Pods.release.xcconfig */,
			);
			name = Pods;
			sourceTree = "<group>";
		};
		C934D5CAB483FEC189A5F51F /* Frameworks */ = {
			isa = PBXGroup;
			children = (
				6DE7B6070632764A0EB6A7F4 /* libPods.a */,
			);
			name = Frameworks;
			sourceTree = "<group>";
		};
/* End PBXGroup section */

/* Begin PBXNativeTarget section */
		12A320B51AA7449600256CC9 /* SMZDM */ = {
			isa = PBXNativeTarget;
			buildConfigurationList = 12A320D31AA7449700256CC9 /* Build configuration list for PBXNativeTarget "SMZDM" */;
			buildPhases = (
				24B882E4484CB0CDF56E80CF /* Check Pods Manifest.lock */,
				12A320B21AA7449600256CC9 /* Sources */,
				12A320B31AA7449600256CC9 /* Frameworks */,
				12A320B41AA7449600256CC9 /* Resources */,
				70C423666933847E036F3F9A /* Copy Pods Resources */,
			);
			buildRules = (
			);
			dependencies = (
			);
			name = SMZDM;
			productName = SMZDM;
			productReference = 12A320B61AA7449600256CC9 /* SMZDM.app */;
			productType = "com.apple.product-type.application";
		};
		12A320C81AA7449700256CC9 /* SMZDMTests */ = {
			isa = PBXNativeTarget;
			buildConfigurationList = 12A320D61AA7449700256CC9 /* Build configuration list for PBXNativeTarget "SMZDMTests" */;
			buildPhases = (
				12A320C51AA7449700256CC9 /* Sources */,
				12A320C61AA7449700256CC9 /* Frameworks */,
				12A320C71AA7449700256CC9 /* Resources */,
			);
			buildRules = (
			);
			dependencies = (
				12A320CB1AA7449700256CC9 /* PBXTargetDependency */,
			);
			name = SMZDMTests;
			productName = SMZDMTests;
			productReference = 12A320C91AA7449700256CC9 /* SMZDMTests.xctest */;
			productType = "com.apple.product-type.bundle.unit-test";
		};
/* End PBXNativeTarget section */

/* Begin PBXProject section */
		12A320AE1AA7449600256CC9 /* Project object */ = {
			isa = PBXProject;
			attributes = {
				LastUpgradeCheck = 0610;
				ORGANIZATIONNAME = "布鲁斯.韦恩 ";
				TargetAttributes = {
					12A320B51AA7449600256CC9 = {
						CreatedOnToolsVersion = 6.1.1;
					};
					12A320C81AA7449700256CC9 = {
						CreatedOnToolsVersion = 6.1.1;
						TestTargetID = 12A320B51AA7449600256CC9;
					};
				};
			};
			buildConfigurationList = 12A320B11AA7449600256CC9 /* Build configuration list for PBXProject "SMZDM" */;
			compatibilityVersion = "Xcode 3.2";
			developmentRegion = English;
			hasScannedForEncodings = 0;
			knownRegions = (
				en,
				Base,
			);
			mainGroup = 12A320AD1AA7449600256CC9;
			productRefGroup = 12A320B71AA7449700256CC9 /* Products */;
			projectDirPath = "";
			projectRoot = "";
			targets = (
				12A320B51AA7449600256CC9 /* SMZDM */,
				12A320C81AA7449700256CC9 /* SMZDMTests */,
			);
		};
/* End PBXProject section */

/* Begin PBXResourcesBuildPhase section */
		12A320B41AA7449600256CC9 /* Resources */ = {
			isa = PBXResourcesBuildPhase;
			buildActionMask = 2147483647;
			files = (
				12A320DE1AA74FF500256CC9 /* intro_ip5_2.png in Resources */,
				128939731AAAE15F00CB6220 /* ic_search_02@2x.png in Resources */,
				095202311AA9DF1C00A12CBC /* ic_search_02@2x.png in Resources */,
				095202371AA9DF1C00A12CBC /* ic_search_08@2x.png in Resources */,
				1289397E1AAAE15F00CB6220 /* ic_search_13@2x.png in Resources */,
				095202301AA9DF1C00A12CBC /* ic_search_01@2x.png in Resources */,
				1289397A1AAAE15F00CB6220 /* ic_search_09@2x.png in Resources */,
				0952023D1AA9DF1C00A12CBC /* ic_search_14@2x.png in Resources */,
				0952022E1AA9DF1C00A12CBC /* 4@2x.png in Resources */,
				0952022D1AA9DF1C00A12CBC /* 3@2x.png in Resources */,
				095202361AA9DF1C00A12CBC /* ic_search_07@2x.png in Resources */,
				0952023E1AA9DF1C00A12CBC /* ic_search_15@2x.png in Resources */,
				128939771AAAE15F00CB6220 /* ic_search_06@2x.png in Resources */,
				128939721AAAE15F00CB6220 /* ic_search_01@2x.png in Resources */,
				12A320C41AA7449700256CC9 /* LaunchScreen.xib in Resources */,
				1289397C1AAAE15F00CB6220 /* ic_search_11@2x.png in Resources */,
				12A320DF1AA74FF500256CC9 /* intro_ip5_3.png in Resources */,
				128939751AAAE15F00CB6220 /* ic_search_04@2x.png in Resources */,
				095202381AA9DF1C00A12CBC /* ic_search_09@2x.png in Resources */,
				0952022C1AA9DF1C00A12CBC /* 2@2x.png in Resources */,
				12A320E21AA75D2C00256CC9 /* intro_ip5_btn.png in Resources */,
				0952023B1AA9DF1C00A12CBC /* ic_search_12@2x.png in Resources */,
				1289397D1AAAE15F00CB6220 /* ic_search_12@2x.png in Resources */,
				12A320DD1AA74FF500256CC9 /* intro_ip5_1.png in Resources */,
				095202291AA9DF1C00A12CBC /* ic_search@2x.png in Resources */,
				128939711AAAE15F00CB6220 /* ic_red_back@2x.png in Resources */,
				095202351AA9DF1C00A12CBC /* ic_search_06@2x.png in Resources */,
				095202391AA9DF1C00A12CBC /* ic_search_10@2x.png in Resources */,
				095202331AA9DF1C00A12CBC /* ic_search_04@2x.png in Resources */,
				128939741AAAE15F00CB6220 /* ic_search_03@2x.png in Resources */,
				1289397F1AAAE15F00CB6220 /* ic_search_14@2x.png in Resources */,
				12A320E01AA74FF500256CC9 /* intro_ip5_4.png in Resources */,
				0952022B1AA9DF1C00A12CBC /* ic_red_back@2x.png in Resources */,
				0952023C1AA9DF1C00A12CBC /* ic_search_13@2x.png in Resources */,
				1289395E1AAAE14F00CB6220 /* 2@2x.png in Resources */,
				0952022F1AA9DF1C00A12CBC /* ic_no_comment@2x.png in Resources */,
				128939791AAAE15F00CB6220 /* ic_search_08@2x.png in Resources */,
				095202281AA9DF1C00A12CBC /* 1@2x.png in Resources */,
				128939841AAAE16600CB6220 /* ic_xq_back@2x.png in Resources */,
				095202321AA9DF1C00A12CBC /* ic_search_03@2x.png in Resources */,
				1289397B1AAAE15F00CB6220 /* ic_search_10@2x.png in Resources */,
				1289395F1AAAE14F00CB6220 /* 3@2x.png in Resources */,
				128939831AAAE16600CB6220 /* ic_search@2x.png in Resources */,
				095202341AA9DF1C00A12CBC /* ic_search_05@2x.png in Resources */,
				128939781AAAE15F00CB6220 /* ic_search_07@2x.png in Resources */,
				0952022A1AA9DF1C00A12CBC /* ic_xq_back@2x.png in Resources */,
				0952023A1AA9DF1C00A12CBC /* ic_search_11@2x.png in Resources */,
				128939601AAAE14F00CB6220 /* 4@2x.png in Resources */,
				128939761AAAE15F00CB6220 /* ic_search_05@2x.png in Resources */,
				1289395D1AAAE14F00CB6220 /* 1@2x.png in Resources */,
				128939801AAAE15F00CB6220 /* ic_search_15@2x.png in Resources */,
				12A320C11AA7449700256CC9 /* Images.xcassets in Resources */,
			);
			runOnlyForDeploymentPostprocessing = 0;
		};
		12A320C71AA7449700256CC9 /* Resources */ = {
			isa = PBXResourcesBuildPhase;
			buildActionMask = 2147483647;
			files = (
			);
			runOnlyForDeploymentPostprocessing = 0;
		};
/* End PBXResourcesBuildPhase section */

/* Begin PBXShellScriptBuildPhase section */
		24B882E4484CB0CDF56E80CF /* Check Pods Manifest.lock */ = {
			isa = PBXShellScriptBuildPhase;
			buildActionMask = 2147483647;
			files = (
			);
			inputPaths = (
			);
			name = "Check Pods Manifest.lock";
			outputPaths = (
			);
			runOnlyForDeploymentPostprocessing = 0;
			shellPath = /bin/sh;
			shellScript = "diff \"${PODS_ROOT}/../Podfile.lock\" \"${PODS_ROOT}/Manifest.lock\" > /dev/null\nif [[ $? != 0 ]] ; then\n    cat << EOM\nerror: The sandbox is not in sync with the Podfile.lock. Run 'pod install' or update your CocoaPods installation.\nEOM\n    exit 1\nfi\n";
			showEnvVarsInLog = 0;
		};
		70C423666933847E036F3F9A /* Copy Pods Resources */ = {
			isa = PBXShellScriptBuildPhase;
			buildActionMask = 2147483647;
			files = (
			);
			inputPaths = (
			);
			name = "Copy Pods Resources";
			outputPaths = (
			);
			runOnlyForDeploymentPostprocessing = 0;
			shellPath = /bin/sh;
			shellScript = "\"${SRCROOT}/Pods/Target Support Files/Pods/Pods-resources.sh\"\n";
			showEnvVarsInLog = 0;
		};
/* End PBXShellScriptBuildPhase section */

/* Begin PBXSourcesBuildPhase section */
		12A320B21AA7449600256CC9 /* Sources */ = {
			isa = PBXSourcesBuildPhase;
			buildActionMask = 2147483647;
			files = (
				121D74081AA9C878008A9CBF /* InformationRows.m in Sources */,
				12D39DC11AA8A105000D783C /* NetworkTool.m in Sources */,
				121D73FD1AA9AF7E008A9CBF /* TheListViewCell.m in Sources */,
				095202051AA9DD7D00A12CBC /* SearchVC.m in Sources */,
				121D74111AA9F26E008A9CBF /* ExperienceData.m in Sources */,
				1276842A1AA78FEE00B09810 /* ScrollBaseClass.m in Sources */,
				12A320BF1AA7449700256CC9 /* AppDelegate.m in Sources */,
				121D73E91AA97439008A9CBF /* preferentialBaseClass.m in Sources */,
				12D39DBB1AA89E6E000D783C /* SelectBaseClass.m in Sources */,
				095202041AA9DD7D00A12CBC /* CustomLine.m in Sources */,
				121D73F71AA985D7008A9CBF /* HaiTaoRows.m in Sources */,
				121D73EA1AA97439008A9CBF /* preferentialData.m in Sources */,
				12D39DBD1AA89E6E000D783C /* SelectRows.m in Sources */,
				12A320E51AA7657800256CC9 /* TheMainInterface.m in Sources */,
				121D74071AA9C878008A9CBF /* InformationData.m in Sources */,
				0952020E1AA9DDFD00A12CBC /* YHcell.m in Sources */,
				12D39D3F1AA84459000D783C /* TheListOf.m in Sources */,
				1289398C1AAAE40000CB6220 /* BaskInContentBaseClass.m in Sources */,
				121D74061AA9C878008A9CBF /* InformationBaseClass.m in Sources */,
				121D73F61AA985D7008A9CBF /* HaiTaoData.m in Sources */,
				12D39DBC1AA89E6E000D783C /* SelectData.m in Sources */,
				1276842C1AA78FEE00B09810 /* ScrollRows.m in Sources */,
				1276842B1AA78FEE00B09810 /* ScrollData.m in Sources */,
				1289398E1AAAE40000CB6220 /* BaskInContentRows.m in Sources */,
				121D74101AA9F26E008A9CBF /* ExperienceBaseClass.m in Sources */,
				128939911AAAE44E00CB6220 /* BaskInContentCell.m in Sources */,
				12A320BC1AA7449700256CC9 /* main.m in Sources */,
				121D73F51AA985D7008A9CBF /* HaiTaoBaseClass.m in Sources */,
				121D74121AA9F26E008A9CBF /* ExperienceRows.m in Sources */,
				1289398D1AAAE40000CB6220 /* BaskInContentData.m in Sources */,
				121D73EB1AA97439008A9CBF /* preferentialRows.m in Sources */,
				0952020F1AA9DDFD00A12CBC /* AllTableView.m in Sources */,
				0952020D1AA9DDFD00A12CBC /* ListVC.m in Sources */,
				121D73E81AA97439008A9CBF /* preferentialArticleMallClient.m in Sources */,
			);
			runOnlyForDeploymentPostprocessing = 0;
		};
		12A320C51AA7449700256CC9 /* Sources */ = {
			isa = PBXSourcesBuildPhase;
			buildActionMask = 2147483647;
			files = (
				12A320D01AA7449700256CC9 /* SMZDMTests.m in Sources */,
			);
			runOnlyForDeploymentPostprocessing = 0;
		};
/* End PBXSourcesBuildPhase section */

/* Begin PBXTargetDependency section */
		12A320CB1AA7449700256CC9 /* PBXTargetDependency */ = {
			isa = PBXTargetDependency;
			target = 12A320B51AA7449600256CC9 /* SMZDM */;
			targetProxy = 12A320CA1AA7449700256CC9 /* PBXContainerItemProxy */;
		};
/* End PBXTargetDependency section */

/* Begin PBXVariantGroup section */
		12A320C21AA7449700256CC9 /* LaunchScreen.xib */ = {
			isa = PBXVariantGroup;
			children = (
				12A320C31AA7449700256CC9 /* Base */,
			);
			name = LaunchScreen.xib;
			sourceTree = "<group>";
		};
/* End PBXVariantGroup section */

/* Begin XCBuildConfiguration section */
		12A320D11AA7449700256CC9 /* Debug */ = {
			isa = XCBuildConfiguration;
			buildSettings = {
				ALWAYS_SEARCH_USER_PATHS = NO;
				CLANG_CXX_LANGUAGE_STANDARD = "gnu++0x";
				CLANG_CXX_LIBRARY = "libc++";
				CLANG_ENABLE_MODULES = YES;
				CLANG_ENABLE_OBJC_ARC = YES;
				CLANG_WARN_BOOL_CONVERSION = YES;
				CLANG_WARN_CONSTANT_CONVERSION = YES;
				CLANG_WARN_DIRECT_OBJC_ISA_USAGE = YES_ERROR;
				CLANG_WARN_EMPTY_BODY = YES;
				CLANG_WARN_ENUM_CONVERSION = YES;
				CLANG_WARN_INT_CONVERSION = YES;
				CLANG_WARN_OBJC_ROOT_CLASS = YES_ERROR;
				CLANG_WARN_UNREACHABLE_CODE = YES;
				CLANG_WARN__DUPLICATE_METHOD_MATCH = YES;
				"CODE_SIGN_IDENTITY[sdk=iphoneos*]" = "iPhone Developer";
				COPY_PHASE_STRIP = NO;
				ENABLE_STRICT_OBJC_MSGSEND = YES;
				GCC_C_LANGUAGE_STANDARD = gnu99;
				GCC_DYNAMIC_NO_PIC = NO;
				GCC_OPTIMIZATION_LEVEL = 0;
				GCC_PREPROCESSOR_DEFINITIONS = (
					"DEBUG=1",
					"$(inherited)",
				);
				GCC_SYMBOLS_PRIVATE_EXTERN = NO;
				GCC_WARN_64_TO_32_BIT_CONVERSION = YES;
				GCC_WARN_ABOUT_RETURN_TYPE = YES_ERROR;
				GCC_WARN_UNDECLARED_SELECTOR = YES;
				GCC_WARN_UNINITIALIZED_AUTOS = YES_AGGRESSIVE;
				GCC_WARN_UNUSED_FUNCTION = YES;
				GCC_WARN_UNUSED_VARIABLE = YES;
				IPHONEOS_DEPLOYMENT_TARGET = 8.1;
				MTL_ENABLE_DEBUG_INFO = YES;
				ONLY_ACTIVE_ARCH = YES;
				SDKROOT = iphoneos;
			};
			name = Debug;
		};
		12A320D21AA7449700256CC9 /* Release */ = {
			isa = XCBuildConfiguration;
			buildSettings = {
				ALWAYS_SEARCH_USER_PATHS = NO;
				CLANG_CXX_LANGUAGE_STANDARD = "gnu++0x";
				CLANG_CXX_LIBRARY = "libc++";
				CLANG_ENABLE_MODULES = YES;
				CLANG_ENABLE_OBJC_ARC = YES;
				CLANG_WARN_BOOL_CONVERSION = YES;
				CLANG_WARN_CONSTANT_CONVERSION = YES;
				CLANG_WARN_DIRECT_OBJC_ISA_USAGE = YES_ERROR;
				CLANG_WARN_EMPTY_BODY = YES;
				CLANG_WARN_ENUM_CONVERSION = YES;
				CLANG_WARN_INT_CONVERSION = YES;
				CLANG_WARN_OBJC_ROOT_CLASS = YES_ERROR;
				CLANG_WARN_UNREACHABLE_CODE = YES;
				CLANG_WARN__DUPLICATE_METHOD_MATCH = YES;
				"CODE_SIGN_IDENTITY[sdk=iphoneos*]" = "iPhone Developer";
				COPY_PHASE_STRIP = YES;
				ENABLE_NS_ASSERTIONS = NO;
				ENABLE_STRICT_OBJC_MSGSEND = YES;
				GCC_C_LANGUAGE_STANDARD = gnu99;
				GCC_WARN_64_TO_32_BIT_CONVERSION = YES;
				GCC_WARN_ABOUT_RETURN_TYPE = YES_ERROR;
				GCC_WARN_UNDECLARED_SELECTOR = YES;
				GCC_WARN_UNINITIALIZED_AUTOS = YES_AGGRESSIVE;
				GCC_WARN_UNUSED_FUNCTION = YES;
				GCC_WARN_UNUSED_VARIABLE = YES;
				IPHONEOS_DEPLOYMENT_TARGET = 8.1;
				MTL_ENABLE_DEBUG_INFO = NO;
				SDKROOT = iphoneos;
				VALIDATE_PRODUCT = YES;
			};
			name = Release;
		};
		12A320D41AA7449700256CC9 /* Debug */ = {
			isa = XCBuildConfiguration;
			baseConfigurationReference = F1ACA050B3FD72447E796CB6 /* Pods.debug.xcconfig */;
			buildSettings = {
				ASSETCATALOG_COMPILER_APPICON_NAME = AppIcon;
				CLANG_ENABLE_OBJC_ARC = NO;
				INFOPLIST_FILE = SMZDM/Info.plist;
				LD_RUNPATH_SEARCH_PATHS = "$(inherited) @executable_path/Frameworks";
				PRODUCT_NAME = "$(TARGET_NAME)";
			};
			name = Debug;
		};
		12A320D51AA7449700256CC9 /* Release */ = {
			isa = XCBuildConfiguration;
			baseConfigurationReference = 6960B0739ECA9015660BF411 /* Pods.release.xcconfig */;
			buildSettings = {
				ASSETCATALOG_COMPILER_APPICON_NAME = AppIcon;
				CLANG_ENABLE_OBJC_ARC = NO;
				INFOPLIST_FILE = SMZDM/Info.plist;
				LD_RUNPATH_SEARCH_PATHS = "$(inherited) @executable_path/Frameworks";
				PRODUCT_NAME = "$(TARGET_NAME)";
			};
			name = Release;
		};
		12A320D71AA7449700256CC9 /* Debug */ = {
			isa = XCBuildConfiguration;
			buildSettings = {
				BUNDLE_LOADER = "$(TEST_HOST)";
				FRAMEWORK_SEARCH_PATHS = (
					"$(SDKROOT)/Developer/Library/Frameworks",
					"$(inherited)",
				);
				GCC_PREPROCESSOR_DEFINITIONS = (
					"DEBUG=1",
					"$(inherited)",
				);
				INFOPLIST_FILE = SMZDMTests/Info.plist;
				LD_RUNPATH_SEARCH_PATHS = "$(inherited) @executable_path/Frameworks @loader_path/Frameworks";
				PRODUCT_NAME = "$(TARGET_NAME)";
				TEST_HOST = "$(BUILT_PRODUCTS_DIR)/SMZDM.app/SMZDM";
			};
			name = Debug;
		};
		12A320D81AA7449700256CC9 /* Release */ = {
			isa = XCBuildConfiguration;
			buildSettings = {
				BUNDLE_LOADER = "$(TEST_HOST)";
				FRAMEWORK_SEARCH_PATHS = (
					"$(SDKROOT)/Developer/Library/Frameworks",
					"$(inherited)",
				);
				INFOPLIST_FILE = SMZDMTests/Info.plist;
				LD_RUNPATH_SEARCH_PATHS = "$(inherited) @executable_path/Frameworks @loader_path/Frameworks";
				PRODUCT_NAME = "$(TARGET_NAME)";
				TEST_HOST = "$(BUILT_PRODUCTS_DIR)/SMZDM.app/SMZDM";
			};
			name = Release;
		};
/* End XCBuildConfiguration section */

/* Begin XCConfigurationList section */
		12A320B11AA7449600256CC9 /* Build configuration list for PBXProject "SMZDM" */ = {
			isa = XCConfigurationList;
			buildConfigurations = (
				12A320D11AA7449700256CC9 /* Debug */,
				12A320D21AA7449700256CC9 /* Release */,
			);
			defaultConfigurationIsVisible = 0;
			defaultConfigurationName = Release;
		};
		12A320D31AA7449700256CC9 /* Build configuration list for PBXNativeTarget "SMZDM" */ = {
			isa = XCConfigurationList;
			buildConfigurations = (
				12A320D41AA7449700256CC9 /* Debug */,
				12A320D51AA7449700256CC9 /* Release */,
			);
			defaultConfigurationIsVisible = 0;
			defaultConfigurationName = Release;
		};
		12A320D61AA7449700256CC9 /* Build configuration list for PBXNativeTarget "SMZDMTests" */ = {
			isa = XCConfigurationList;
			buildConfigurations = (
				12A320D71AA7449700256CC9 /* Debug */,
				12A320D81AA7449700256CC9 /* Release */,
			);
			defaultConfigurationIsVisible = 0;
			defaultConfigurationName = Release;
		};
/* End XCConfigurationList section */
	};
	rootObject = 12A320AE1AA7449600256CC9 /* Project object */;
}
